
Microsoft Visual Studio Solution File, Format Version 12.00
# Visual Studio Version 17
VisualStudioVersion = 17.3.32901.215
MinimumVisualStudioVersion = 10.0.40219.1
Project("{FAE04EC0-301F-11D3-BF4B-00C04F79EFBC}") = "Consumo", "Consumo\Consumo.csproj", "{9F755C49-EC3F-4513-9A8E-E78CBEF8C5AB}"
EndProject
Global
	GlobalSection(SolutionConfigurationPlatforms) = preSolution
		Debug|Any CPU = Debug|Any CPU
		Release|Any CPU = Release|Any CPU
	EndGlobalSection
	GlobalSection(ProjectConfigurationPlatforms) = postSolution
		{9F755C49-EC3F-4513-9A8E-E78CBEF8C5AB}.Debug|Any CPU.ActiveCfg = Debug|Any CPU
		{9F755C49-EC3F-4513-9A8E-E78CBEF8C5AB}.Debug|Any CPU.Build.0 = Debug|Any CPU
		{9F755C49-EC3F-4513-9A8E-E78CBEF8C5AB}.Release|Any CPU.ActiveCfg = Release|Any CPU
		{9F755C49-EC3F-4513-9A8E-E78CBEF8C5AB}.Release|Any CPU.Build.0 = Release|Any CPU
	EndGlobalSection
	GlobalSection(SolutionProperties) = preSolution
		HideSolutionNode = FALSE
	EndGlobalSection
	GlobalSection(ExtensibilityGlobals) = postSolution
		SolutionGuid = {E191CE86-CA45-411A-942B-FA3AB8736532}
	EndGlobalSection
EndGlobal
