
Microsoft Visual Studio Solution File, Format Version 12.00
# Visual Studio Version 17
VisualStudioVersion = 17.3.32901.215
MinimumVisualStudioVersion = 10.0.40219.1
Project("{FAE04EC0-301F-11D3-BF4B-00C04F79EFBC}") = "Media2", "Media2\Media2.csproj", "{51C94091-ED28-403F-A577-14F0669C7189}"
EndProject
Global
	GlobalSection(SolutionConfigurationPlatforms) = preSolution
		Debug|Any CPU = Debug|Any CPU
		Release|Any CPU = Release|Any CPU
	EndGlobalSection
	GlobalSection(ProjectConfigurationPlatforms) = postSolution
		{51C94091-ED28-403F-A577-14F0669C7189}.Debug|Any CPU.ActiveCfg = Debug|Any CPU
		{51C94091-ED28-403F-A577-14F0669C7189}.Debug|Any CPU.Build.0 = Debug|Any CPU
		{51C94091-ED28-403F-A577-14F0669C7189}.Release|Any CPU.ActiveCfg = Release|Any CPU
		{51C94091-ED28-403F-A577-14F0669C7189}.Release|Any CPU.Build.0 = Release|Any CPU
	EndGlobalSection
	GlobalSection(SolutionProperties) = preSolution
		HideSolutionNode = FALSE
	EndGlobalSection
	GlobalSection(ExtensibilityGlobals) = postSolution
		SolutionGuid = {6BB8CC42-9DB6-435A-8C26-66090F445807}
	EndGlobalSection
EndGlobal
