
Microsoft Visual Studio Solution File, Format Version 12.00
# Visual Studio Version 17
VisualStudioVersion = 17.3.32901.215
MinimumVisualStudioVersion = 10.0.40219.1
Project("{FAE04EC0-301F-11D3-BF4B-00C04F79EFBC}") = "CoordenadasDeUmPonto", "CoordenadasDeUmPonto\CoordenadasDeUmPonto.csproj", "{9DED4A57-5A1C-4B3B-8A8A-62A2B678644E}"
EndProject
Global
	GlobalSection(SolutionConfigurationPlatforms) = preSolution
		Debug|Any CPU = Debug|Any CPU
		Release|Any CPU = Release|Any CPU
	EndGlobalSection
	GlobalSection(ProjectConfigurationPlatforms) = postSolution
		{9DED4A57-5A1C-4B3B-8A8A-62A2B678644E}.Debug|Any CPU.ActiveCfg = Debug|Any CPU
		{9DED4A57-5A1C-4B3B-8A8A-62A2B678644E}.Debug|Any CPU.Build.0 = Debug|Any CPU
		{9DED4A57-5A1C-4B3B-8A8A-62A2B678644E}.Release|Any CPU.ActiveCfg = Release|Any CPU
		{9DED4A57-5A1C-4B3B-8A8A-62A2B678644E}.Release|Any CPU.Build.0 = Release|Any CPU
	EndGlobalSection
	GlobalSection(SolutionProperties) = preSolution
		HideSolutionNode = FALSE
	EndGlobalSection
	GlobalSection(ExtensibilityGlobals) = postSolution
		SolutionGuid = {9B7703BC-1F25-4D01-9FA7-7E2FA7528722}
	EndGlobalSection
EndGlobal
