
Microsoft Visual Studio Solution File, Format Version 12.00
# Visual Studio Version 17
VisualStudioVersion = 17.3.32901.215
MinimumVisualStudioVersion = 10.0.40219.1
Project("{FAE04EC0-301F-11D3-BF4B-00C04F79EFBC}") = "OMaior", "OMaior\OMaior.csproj", "{FC5206AE-E058-4954-82EF-30FFE68EE4A3}"
EndProject
Global
	GlobalSection(SolutionConfigurationPlatforms) = preSolution
		Debug|Any CPU = Debug|Any CPU
		Release|Any CPU = Release|Any CPU
	EndGlobalSection
	GlobalSection(ProjectConfigurationPlatforms) = postSolution
		{FC5206AE-E058-4954-82EF-30FFE68EE4A3}.Debug|Any CPU.ActiveCfg = Debug|Any CPU
		{FC5206AE-E058-4954-82EF-30FFE68EE4A3}.Debug|Any CPU.Build.0 = Debug|Any CPU
		{FC5206AE-E058-4954-82EF-30FFE68EE4A3}.Release|Any CPU.ActiveCfg = Release|Any CPU
		{FC5206AE-E058-4954-82EF-30FFE68EE4A3}.Release|Any CPU.Build.0 = Release|Any CPU
	EndGlobalSection
	GlobalSection(SolutionProperties) = preSolution
		HideSolutionNode = FALSE
	EndGlobalSection
	GlobalSection(ExtensibilityGlobals) = postSolution
		SolutionGuid = {13AFEB3F-72D3-4EB8-A1EF-A968866DA24F}
	EndGlobalSection
EndGlobal
