
Microsoft Visual Studio Solution File, Format Version 12.00
# Visual Studio Version 17
VisualStudioVersion = 17.3.32901.215
MinimumVisualStudioVersion = 10.0.40219.1
Project("{FAE04EC0-301F-11D3-BF4B-00C04F79EFBC}") = "SomaSimples", "SomaSimples\SomaSimples.csproj", "{77AF3CA8-3A7B-4CA4-BAE2-F354B2094D92}"
EndProject
Global
	GlobalSection(SolutionConfigurationPlatforms) = preSolution
		Debug|Any CPU = Debug|Any CPU
		Release|Any CPU = Release|Any CPU
	EndGlobalSection
	GlobalSection(ProjectConfigurationPlatforms) = postSolution
		{77AF3CA8-3A7B-4CA4-BAE2-F354B2094D92}.Debug|Any CPU.ActiveCfg = Debug|Any CPU
		{77AF3CA8-3A7B-4CA4-BAE2-F354B2094D92}.Debug|Any CPU.Build.0 = Debug|Any CPU
		{77AF3CA8-3A7B-4CA4-BAE2-F354B2094D92}.Release|Any CPU.ActiveCfg = Release|Any CPU
		{77AF3CA8-3A7B-4CA4-BAE2-F354B2094D92}.Release|Any CPU.Build.0 = Release|Any CPU
	EndGlobalSection
	GlobalSection(SolutionProperties) = preSolution
		HideSolutionNode = FALSE
	EndGlobalSection
	GlobalSection(ExtensibilityGlobals) = postSolution
		SolutionGuid = {C1A775E2-E2B6-42DE-A6B8-D6DC0DAAC545}
	EndGlobalSection
EndGlobal
