
Microsoft Visual Studio Solution File, Format Version 12.00
# Visual Studio Version 17
VisualStudioVersion = 17.3.32901.215
MinimumVisualStudioVersion = 10.0.40219.1
Project("{FAE04EC0-301F-11D3-BF4B-00C04F79EFBC}") = "Media3", "Media3\Media3.csproj", "{C415316B-9542-4D00-B8FA-16DE5812851D}"
EndProject
Global
	GlobalSection(SolutionConfigurationPlatforms) = preSolution
		Debug|Any CPU = Debug|Any CPU
		Release|Any CPU = Release|Any CPU
	EndGlobalSection
	GlobalSection(ProjectConfigurationPlatforms) = postSolution
		{C415316B-9542-4D00-B8FA-16DE5812851D}.Debug|Any CPU.ActiveCfg = Debug|Any CPU
		{C415316B-9542-4D00-B8FA-16DE5812851D}.Debug|Any CPU.Build.0 = Debug|Any CPU
		{C415316B-9542-4D00-B8FA-16DE5812851D}.Release|Any CPU.ActiveCfg = Release|Any CPU
		{C415316B-9542-4D00-B8FA-16DE5812851D}.Release|Any CPU.Build.0 = Release|Any CPU
	EndGlobalSection
	GlobalSection(SolutionProperties) = preSolution
		HideSolutionNode = FALSE
	EndGlobalSection
	GlobalSection(ExtensibilityGlobals) = postSolution
		SolutionGuid = {1EE4219F-F51F-45DE-A7A3-BD5BDC929BD8}
	EndGlobalSection
EndGlobal
