
Microsoft Visual Studio Solution File, Format Version 12.00
# Visual Studio Version 17
VisualStudioVersion = 17.3.32901.215
MinimumVisualStudioVersion = 10.0.40219.1
Project("{FAE04EC0-301F-11D3-BF4B-00C04F79EFBC}") = "TempoDeJogoEmMinutos", "TempoDeJogoEmMinutos\TempoDeJogoEmMinutos.csproj", "{0CB6FEF9-A32F-4532-A9BD-BD96500FA3A3}"
EndProject
Global
	GlobalSection(SolutionConfigurationPlatforms) = preSolution
		Debug|Any CPU = Debug|Any CPU
		Release|Any CPU = Release|Any CPU
	EndGlobalSection
	GlobalSection(ProjectConfigurationPlatforms) = postSolution
		{0CB6FEF9-A32F-4532-A9BD-BD96500FA3A3}.Debug|Any CPU.ActiveCfg = Debug|Any CPU
		{0CB6FEF9-A32F-4532-A9BD-BD96500FA3A3}.Debug|Any CPU.Build.0 = Debug|Any CPU
		{0CB6FEF9-A32F-4532-A9BD-BD96500FA3A3}.Release|Any CPU.ActiveCfg = Release|Any CPU
		{0CB6FEF9-A32F-4532-A9BD-BD96500FA3A3}.Release|Any CPU.Build.0 = Release|Any CPU
	EndGlobalSection
	GlobalSection(SolutionProperties) = preSolution
		HideSolutionNode = FALSE
	EndGlobalSection
	GlobalSection(ExtensibilityGlobals) = postSolution
		SolutionGuid = {79928970-5677-422B-8060-4FDBE4182062}
	EndGlobalSection
EndGlobal
