
Microsoft Visual Studio Solution File, Format Version 12.00
# Visual Studio Version 17
VisualStudioVersion = 17.3.32901.215
MinimumVisualStudioVersion = 10.0.40219.1
Project("{FAE04EC0-301F-11D3-BF4B-00C04F79EFBC}") = "FormulaDeBhaskara", "FormulaDeBhaskara\FormulaDeBhaskara.csproj", "{411DD120-4CB7-4EED-BAC1-8A189A94EA4C}"
EndProject
Global
	GlobalSection(SolutionConfigurationPlatforms) = preSolution
		Debug|Any CPU = Debug|Any CPU
		Release|Any CPU = Release|Any CPU
	EndGlobalSection
	GlobalSection(ProjectConfigurationPlatforms) = postSolution
		{411DD120-4CB7-4EED-BAC1-8A189A94EA4C}.Debug|Any CPU.ActiveCfg = Debug|Any CPU
		{411DD120-4CB7-4EED-BAC1-8A189A94EA4C}.Debug|Any CPU.Build.0 = Debug|Any CPU
		{411DD120-4CB7-4EED-BAC1-8A189A94EA4C}.Release|Any CPU.ActiveCfg = Release|Any CPU
		{411DD120-4CB7-4EED-BAC1-8A189A94EA4C}.Release|Any CPU.Build.0 = Release|Any CPU
	EndGlobalSection
	GlobalSection(SolutionProperties) = preSolution
		HideSolutionNode = FALSE
	EndGlobalSection
	GlobalSection(ExtensibilityGlobals) = postSolution
		SolutionGuid = {6E7CE2C3-643B-47FB-B02D-CCEEF0F93FB5}
	EndGlobalSection
EndGlobal
