
Microsoft Visual Studio Solution File, Format Version 12.00
# Visual Studio Version 17
VisualStudioVersion = 17.3.32901.215
MinimumVisualStudioVersion = 10.0.40219.1
Project("{FAE04EC0-301F-11D3-BF4B-00C04F79EFBC}") = "ProdutoSimples", "ProdutoSimples\ProdutoSimples.csproj", "{A7981F34-7E39-460D-9D79-F70680400C56}"
EndProject
Global
	GlobalSection(SolutionConfigurationPlatforms) = preSolution
		Debug|Any CPU = Debug|Any CPU
		Release|Any CPU = Release|Any CPU
	EndGlobalSection
	GlobalSection(ProjectConfigurationPlatforms) = postSolution
		{A7981F34-7E39-460D-9D79-F70680400C56}.Debug|Any CPU.ActiveCfg = Debug|Any CPU
		{A7981F34-7E39-460D-9D79-F70680400C56}.Debug|Any CPU.Build.0 = Debug|Any CPU
		{A7981F34-7E39-460D-9D79-F70680400C56}.Release|Any CPU.ActiveCfg = Release|Any CPU
		{A7981F34-7E39-460D-9D79-F70680400C56}.Release|Any CPU.Build.0 = Release|Any CPU
	EndGlobalSection
	GlobalSection(SolutionProperties) = preSolution
		HideSolutionNode = FALSE
	EndGlobalSection
	GlobalSection(ExtensibilityGlobals) = postSolution
		SolutionGuid = {E8ADCFA0-5B05-43BF-8D94-45B44CBC7BD2}
	EndGlobalSection
EndGlobal
