
Microsoft Visual Studio Solution File, Format Version 12.00
# Visual Studio Version 17
VisualStudioVersion = 17.3.32901.215
MinimumVisualStudioVersion = 10.0.40219.1
Project("{FAE04EC0-301F-11D3-BF4B-00C04F79EFBC}") = "MenorValor", "MenorValor\MenorValor.csproj", "{10A6B632-5217-4390-9470-4589368698B3}"
EndProject
Global
	GlobalSection(SolutionConfigurationPlatforms) = preSolution
		Debug|Any CPU = Debug|Any CPU
		Release|Any CPU = Release|Any CPU
	EndGlobalSection
	GlobalSection(ProjectConfigurationPlatforms) = postSolution
		{10A6B632-5217-4390-9470-4589368698B3}.Debug|Any CPU.ActiveCfg = Debug|Any CPU
		{10A6B632-5217-4390-9470-4589368698B3}.Debug|Any CPU.Build.0 = Debug|Any CPU
		{10A6B632-5217-4390-9470-4589368698B3}.Release|Any CPU.ActiveCfg = Release|Any CPU
		{10A6B632-5217-4390-9470-4589368698B3}.Release|Any CPU.Build.0 = Release|Any CPU
	EndGlobalSection
	GlobalSection(SolutionProperties) = preSolution
		HideSolutionNode = FALSE
	EndGlobalSection
	GlobalSection(ExtensibilityGlobals) = postSolution
		SolutionGuid = {A778FE66-34ED-4AC7-9B4F-2F1406D20A1A}
	EndGlobalSection
EndGlobal
