
Microsoft Visual Studio Solution File, Format Version 12.00
# Visual Studio Version 17
VisualStudioVersion = 17.3.32901.215
MinimumVisualStudioVersion = 10.0.40219.1
Project("{FAE04EC0-301F-11D3-BF4B-00C04F79EFBC}") = "NotaAluno", "NotaAluno\NotaAluno.csproj", "{397F914B-51C0-470F-BF02-1DD5EB7B07D2}"
EndProject
Global
	GlobalSection(SolutionConfigurationPlatforms) = preSolution
		Debug|Any CPU = Debug|Any CPU
		Release|Any CPU = Release|Any CPU
	EndGlobalSection
	GlobalSection(ProjectConfigurationPlatforms) = postSolution
		{397F914B-51C0-470F-BF02-1DD5EB7B07D2}.Debug|Any CPU.ActiveCfg = Debug|Any CPU
		{397F914B-51C0-470F-BF02-1DD5EB7B07D2}.Debug|Any CPU.Build.0 = Debug|Any CPU
		{397F914B-51C0-470F-BF02-1DD5EB7B07D2}.Release|Any CPU.ActiveCfg = Release|Any CPU
		{397F914B-51C0-470F-BF02-1DD5EB7B07D2}.Release|Any CPU.Build.0 = Release|Any CPU
	EndGlobalSection
	GlobalSection(SolutionProperties) = preSolution
		HideSolutionNode = FALSE
	EndGlobalSection
	GlobalSection(ExtensibilityGlobals) = postSolution
		SolutionGuid = {F7FCB61A-0D8F-420B-9576-F92904BBE522}
	EndGlobalSection
EndGlobal
